// !$*UTF8*$!
{
	archiveVersion = 1;
	classes = {
	};
	objectVersion = 77;
	objects = {

/* Begin PBXBuildFile section */
		26EC99397152F2FD873E82F8 /* Pods_CleanArchitectureMVVM.framework in Frameworks */ = {isa = PBXBuildFile; fileRef = F55D02072D0BEF5C34CA90E7 /* Pods_CleanArchitectureMVVM.framework */; };
		5FC336967505758D67FD35C5 /* Pods_CleanArchitectureMVVMTests.framework in Frameworks */ = {isa = PBXBuildFile; fileRef = 04AB723D1B1F07D957AF72B9 /* Pods_CleanArchitectureMVVMTests.framework */; };
		B02EC4127C4AA8DAA466219E /* Pods_CleanArchitectureMVVM_CleanArchitectureMVVMUITests.framework in Frameworks */ = {isa = PBXBuildFile; fileRef = 00D48415E88DEB96F2183BFD /* Pods_CleanArchitectureMVVM_CleanArchitectureMVVMUITests.framework */; };
		BFC225A32D6CA5980074B3BB /* APIKey.swift in Sources */ = {isa = PBXBuildFile; fileRef = BFC225A22D6CA5980074B3BB /* APIKey.swift */; };
/* End PBXBuildFile section */

/* Begin PBXContainerItemProxy section */
		BFC2252B2D67EB2B0074B3BB /* PBXContainerItemProxy */ = {
			isa = PBXContainerItemProxy;
			containerPortal = BFC225112D67EB290074B3BB /* Project object */;
			proxyType = 1;
			remoteGlobalIDString = BFC225182D67EB290074B3BB;
			remoteInfo = CleanArchitectureMVVM;
		};
		BFC225352D67EB2B0074B3BB /* PBXContainerItemProxy */ = {
			isa = PBXContainerItemProxy;
			containerPortal = BFC225112D67EB290074B3BB /* Project object */;
			proxyType = 1;
			remoteGlobalIDString = BFC225182D67EB290074B3BB;
			remoteInfo = CleanArchitectureMVVM;
		};
/* End PBXContainerItemProxy section */

/* Begin PBXFileReference section */
		00D48415E88DEB96F2183BFD /* Pods_CleanArchitectureMVVM_CleanArchitectureMVVMUITests.framework */ = {isa = PBXFileReference; explicitFileType = wrapper.framework; includeInIndex = 0; path = Pods_CleanArchitectureMVVM_CleanArchitectureMVVMUITests.framework; sourceTree = BUILT_PRODUCTS_DIR; };
		04AB723D1B1F07D957AF72B9 /* Pods_CleanArchitectureMVVMTests.framework */ = {isa = PBXFileReference; explicitFileType = wrapper.framework; includeInIndex = 0; path = Pods_CleanArchitectureMVVMTests.framework; sourceTree = BUILT_PRODUCTS_DIR; };
		2FD9BACEDDB624F3B5881DD5 /* Pods-CleanArchitectureMVVMTests.debug.xcconfig */ = {isa = PBXFileReference; includeInIndex = 1; lastKnownFileType = text.xcconfig; name = "Pods-CleanArchitectureMVVMTests.debug.xcconfig"; path = "Target Support Files/Pods-CleanArchitectureMVVMTests/Pods-CleanArchitectureMVVMTests.debug.xcconfig"; sourceTree = "<group>"; };
		800B6225F62348AFE929A472 /* Pods-CleanArchitectureMVVM-CleanArchitectureMVVMUITests.release.xcconfig */ = {isa = PBXFileReference; includeInIndex = 1; lastKnownFileType = text.xcconfig; name = "Pods-CleanArchitectureMVVM-CleanArchitectureMVVMUITests.release.xcconfig"; path = "Target Support Files/Pods-CleanArchitectureMVVM-CleanArchitectureMVVMUITests/Pods-CleanArchitectureMVVM-CleanArchitectureMVVMUITests.release.xcconfig"; sourceTree = "<group>"; };
		98FE1EFA4A88C15F59FD0903 /* Pods-CleanArchitectureMVVM.release.xcconfig */ = {isa = PBXFileReference; includeInIndex = 1; lastKnownFileType = text.xcconfig; name = "Pods-CleanArchitectureMVVM.release.xcconfig"; path = "Target Support Files/Pods-CleanArchitectureMVVM/Pods-CleanArchitectureMVVM.release.xcconfig"; sourceTree = "<group>"; };
		BFC225192D67EB290074B3BB /* CleanArchitectureMVVM.app */ = {isa = PBXFileReference; explicitFileType = wrapper.application; includeInIndex = 0; path = CleanArchitectureMVVM.app; sourceTree = BUILT_PRODUCTS_DIR; };
		BFC2252A2D67EB2B0074B3BB /* CleanArchitectureMVVMTests.xctest */ = {isa = PBXFileReference; explicitFileType = wrapper.cfbundle; includeInIndex = 0; path = CleanArchitectureMVVMTests.xctest; sourceTree = BUILT_PRODUCTS_DIR; };
		BFC225342D67EB2B0074B3BB /* CleanArchitectureMVVMUITests.xctest */ = {isa = PBXFileReference; explicitFileType = wrapper.cfbundle; includeInIndex = 0; path = CleanArchitectureMVVMUITests.xctest; sourceTree = BUILT_PRODUCTS_DIR; };
		BFC225A22D6CA5980074B3BB /* APIKey.swift */ = {isa = PBXFileReference; lastKnownFileType = sourcecode.swift; path = APIKey.swift; sourceTree = "<group>"; };
		C0E6A284D3EDF291114045C9 /* Pods-CleanArchitectureMVVM-CleanArchitectureMVVMUITests.debug.xcconfig */ = {isa = PBXFileReference; includeInIndex = 1; lastKnownFileType = text.xcconfig; name = "Pods-CleanArchitectureMVVM-CleanArchitectureMVVMUITests.debug.xcconfig"; path = "Target Support Files/Pods-CleanArchitectureMVVM-CleanArchitectureMVVMUITests/Pods-CleanArchitectureMVVM-CleanArchitectureMVVMUITests.debug.xcconfig"; sourceTree = "<group>"; };
		F55D02072D0BEF5C34CA90E7 /* Pods_CleanArchitectureMVVM.framework */ = {isa = PBXFileReference; explicitFileType = wrapper.framework; includeInIndex = 0; path = Pods_CleanArchitectureMVVM.framework; sourceTree = BUILT_PRODUCTS_DIR; };
		F82868DD1F66D9B92129CF21 /* Pods-CleanArchitectureMVVMTests.release.xcconfig */ = {isa = PBXFileReference; includeInIndex = 1; lastKnownFileType = text.xcconfig; name = "Pods-CleanArchitectureMVVMTests.release.xcconfig"; path = "Target Support Files/Pods-CleanArchitectureMVVMTests/Pods-CleanArchitectureMVVMTests.release.xcconfig"; sourceTree = "<group>"; };
		F8785055212B79E6245869E9 /* Pods-CleanArchitectureMVVM.debug.xcconfig */ = {isa = PBXFileReference; includeInIndex = 1; lastKnownFileType = text.xcconfig; name = "Pods-CleanArchitectureMVVM.debug.xcconfig"; path = "Target Support Files/Pods-CleanArchitectureMVVM/Pods-CleanArchitectureMVVM.debug.xcconfig"; sourceTree = "<group>"; };
/* End PBXFileReference section */

/* Begin PBXFileSystemSynchronizedRootGroup section */
		BFC2251B2D67EB290074B3BB /* CleanArchitectureMVVM */ = {
			isa = PBXFileSystemSynchronizedRootGroup;
			path = CleanArchitectureMVVM;
			sourceTree = "<group>";
		};
		BFC2252D2D67EB2B0074B3BB /* CleanArchitectureMVVMTests */ = {
			isa = PBXFileSystemSynchronizedRootGroup;
			path = CleanArchitectureMVVMTests;
			sourceTree = "<group>";
		};
		BFC225372D67EB2B0074B3BB /* CleanArchitectureMVVMUITests */ = {
			isa = PBXFileSystemSynchronizedRootGroup;
			path = CleanArchitectureMVVMUITests;
			sourceTree = "<group>";
		};
/* End PBXFileSystemSynchronizedRootGroup section */

/* Begin PBXFrameworksBuildPhase section */
		BFC225162D67EB290074B3BB /* Frameworks */ = {
			isa = PBXFrameworksBuildPhase;
			buildActionMask = 2147483647;
			files = (
				26EC99397152F2FD873E82F8 /* Pods_CleanArchitectureMVVM.framework in Frameworks */,
			);
			runOnlyForDeploymentPostprocessing = 0;
		};
		BFC225272D67EB2B0074B3BB /* Frameworks */ = {
			isa = PBXFrameworksBuildPhase;
			buildActionMask = 2147483647;
			files = (
				5FC336967505758D67FD35C5 /* Pods_CleanArchitectureMVVMTests.framework in Frameworks */,
			);
			runOnlyForDeploymentPostprocessing = 0;
		};
		BFC225312D67EB2B0074B3BB /* Frameworks */ = {
			isa = PBXFrameworksBuildPhase;
			buildActionMask = 2147483647;
			files = (
				B02EC4127C4AA8DAA466219E /* Pods_CleanArchitectureMVVM_CleanArchitectureMVVMUITests.framework in Frameworks */,
			);
			runOnlyForDeploymentPostprocessing = 0;
		};
/* End PBXFrameworksBuildPhase section */

/* Begin PBXGroup section */
		3B1450C6A6AED7FBA8F58EA8 /* Pods */ = {
			isa = PBXGroup;
			children = (
				F8785055212B79E6245869E9 /* Pods-CleanArchitectureMVVM.debug.xcconfig */,
				98FE1EFA4A88C15F59FD0903 /* Pods-CleanArchitectureMVVM.release.xcconfig */,
				C0E6A284D3EDF291114045C9 /* Pods-CleanArchitectureMVVM-CleanArchitectureMVVMUITests.debug.xcconfig */,
				800B6225F62348AFE929A472 /* Pods-CleanArchitectureMVVM-CleanArchitectureMVVMUITests.release.xcconfig */,
				2FD9BACEDDB624F3B5881DD5 /* Pods-CleanArchitectureMVVMTests.debug.xcconfig */,
				F82868DD1F66D9B92129CF21 /* Pods-CleanArchitectureMVVMTests.release.xcconfig */,
			);
			path = Pods;
			sourceTree = "<group>";
		};
		BFC225102D67EB290074B3BB = {
			isa = PBXGroup;
			children = (
				BFC225A22D6CA5980074B3BB /* APIKey.swift */,
				BFC2251B2D67EB290074B3BB /* CleanArchitectureMVVM */,
				BFC2252D2D67EB2B0074B3BB /* CleanArchitectureMVVMTests */,
				BFC225372D67EB2B0074B3BB /* CleanArchitectureMVVMUITests */,
				BFC2251A2D67EB290074B3BB /* Products */,
				3B1450C6A6AED7FBA8F58EA8 /* Pods */,
				D63353DC51D4DA635C722954 /* Frameworks */,
			);
			sourceTree = "<group>";
		};
		BFC2251A2D67EB290074B3BB /* Products */ = {
			isa = PBXGroup;
			children = (
				BFC225192D67EB290074B3BB /* CleanArchitectureMVVM.app */,
				BFC2252A2D67EB2B0074B3BB /* CleanArchitectureMVVMTests.xctest */,
				BFC225342D67EB2B0074B3BB /* CleanArchitectureMVVMUITests.xctest */,
			);
			name = Products;
			sourceTree = "<group>";
		};
		D63353DC51D4DA635C722954 /* Frameworks */ = {
			isa = PBXGroup;
			children = (
				F55D02072D0BEF5C34CA90E7 /* Pods_CleanArchitectureMVVM.framework */,
				00D48415E88DEB96F2183BFD /* Pods_CleanArchitectureMVVM_CleanArchitectureMVVMUITests.framework */,
				04AB723D1B1F07D957AF72B9 /* Pods_CleanArchitectureMVVMTests.framework */,
			);
			name = Frameworks;
			sourceTree = "<group>";
		};
/* End PBXGroup section */

/* Begin PBXNativeTarget section */
		BFC225182D67EB290074B3BB /* CleanArchitectureMVVM */ = {
			isa = PBXNativeTarget;
			buildConfigurationList = BFC2253E2D67EB2B0074B3BB /* Build configuration list for PBXNativeTarget "CleanArchitectureMVVM" */;
			buildPhases = (
				22DF11031CCFA61243FF3EAD /* [CP] Check Pods Manifest.lock */,
				BFC225152D67EB290074B3BB /* Sources */,
				BFC225162D67EB290074B3BB /* Frameworks */,
				BFC225172D67EB290074B3BB /* Resources */,
				63A10AE0B4E8AB1CA16B24EB /* [CP] Embed Pods Frameworks */,
			);
			buildRules = (
			);
			dependencies = (
			);
			fileSystemSynchronizedGroups = (
				BFC2251B2D67EB290074B3BB /* CleanArchitectureMVVM */,
			);
			name = CleanArchitectureMVVM;
			productName = CleanArchitectureMVVM;
			productReference = BFC225192D67EB290074B3BB /* CleanArchitectureMVVM.app */;
			productType = "com.apple.product-type.application";
		};
		BFC225292D67EB2B0074B3BB /* CleanArchitectureMVVMTests */ = {
			isa = PBXNativeTarget;
			buildConfigurationList = BFC225412D67EB2B0074B3BB /* Build configuration list for PBXNativeTarget "CleanArchitectureMVVMTests" */;
			buildPhases = (
				10C9A8815D0BB6CB3630BD58 /* [CP] Check Pods Manifest.lock */,
				BFC225262D67EB2B0074B3BB /* Sources */,
				BFC225272D67EB2B0074B3BB /* Frameworks */,
				BFC225282D67EB2B0074B3BB /* Resources */,
			);
			buildRules = (
			);
			dependencies = (
				BFC2252C2D67EB2B0074B3BB /* PBXTargetDependency */,
			);
			fileSystemSynchronizedGroups = (
				BFC2252D2D67EB2B0074B3BB /* CleanArchitectureMVVMTests */,
			);
			name = CleanArchitectureMVVMTests;
			productName = CleanArchitectureMVVMTests;
			productReference = BFC2252A2D67EB2B0074B3BB /* CleanArchitectureMVVMTests.xctest */;
			productType = "com.apple.product-type.bundle.unit-test";
		};
		BFC225332D67EB2B0074B3BB /* CleanArchitectureMVVMUITests */ = {
			isa = PBXNativeTarget;
			buildConfigurationList = BFC225442D67EB2B0074B3BB /* Build configuration list for PBXNativeTarget "CleanArchitectureMVVMUITests" */;
			buildPhases = (
				0005082C75B65360A294292D /* [CP] Check Pods Manifest.lock */,
				BFC225302D67EB2B0074B3BB /* Sources */,
				BFC225312D67EB2B0074B3BB /* Frameworks */,
				BFC225322D67EB2B0074B3BB /* Resources */,
				123579FC58B5F7170543AD9C /* [CP] Embed Pods Frameworks */,
			);
			buildRules = (
			);
			dependencies = (
				BFC225362D67EB2B0074B3BB /* PBXTargetDependency */,
			);
			fileSystemSynchronizedGroups = (
				BFC225372D67EB2B0074B3BB /* CleanArchitectureMVVMUITests */,
			);
			name = CleanArchitectureMVVMUITests;
			productName = CleanArchitectureMVVMUITests;
			productReference = BFC225342D67EB2B0074B3BB /* CleanArchitectureMVVMUITests.xctest */;
			productType = "com.apple.product-type.bundle.ui-testing";
		};
/* End PBXNativeTarget section */

/* Begin PBXProject section */
		BFC225112D67EB290074B3BB /* Project object */ = {
			isa = PBXProject;
			attributes = {
				BuildIndependentTargetsInParallel = 1;
				LastSwiftUpdateCheck = 1620;
				LastUpgradeCheck = 1620;
				TargetAttributes = {
					BFC225182D67EB290074B3BB = {
						CreatedOnToolsVersion = 16.2;
					};
					BFC225292D67EB2B0074B3BB = {
						CreatedOnToolsVersion = 16.2;
						TestTargetID = BFC225182D67EB290074B3BB;
					};
					BFC225332D67EB2B0074B3BB = {
						CreatedOnToolsVersion = 16.2;
						TestTargetID = BFC225182D67EB290074B3BB;
					};
				};
			};
			buildConfigurationList = BFC225142D67EB290074B3BB /* Build configuration list for PBXProject "CleanArchitectureMVVM" */;
			developmentRegion = en;
			hasScannedForEncodings = 0;
			knownRegions = (
				en,
				Base,
			);
			mainGroup = BFC225102D67EB290074B3BB;
			minimizedProjectReferenceProxies = 1;
			preferredProjectObjectVersion = 77;
			productRefGroup = BFC2251A2D67EB290074B3BB /* Products */;
			projectDirPath = "";
			projectRoot = "";
			targets = (
				BFC225182D67EB290074B3BB /* CleanArchitectureMVVM */,
				BFC225292D67EB2B0074B3BB /* CleanArchitectureMVVMTests */,
				BFC225332D67EB2B0074B3BB /* CleanArchitectureMVVMUITests */,
			);
		};
/* End PBXProject section */

/* Begin PBXResourcesBuildPhase section */
		BFC225172D67EB290074B3BB /* Resources */ = {
			isa = PBXResourcesBuildPhase;
			buildActionMask = 2147483647;
			files = (
			);
			runOnlyForDeploymentPostprocessing = 0;
		};
		BFC225282D67EB2B0074B3BB /* Resources */ = {
			isa = PBXResourcesBuildPhase;
			buildActionMask = 2147483647;
			files = (
			);
			runOnlyForDeploymentPostprocessing = 0;
		};
		BFC225322D67EB2B0074B3BB /* Resources */ = {
			isa = PBXResourcesBuildPhase;
			buildActionMask = 2147483647;
			files = (
			);
			runOnlyForDeploymentPostprocessing = 0;
		};
/* End PBXResourcesBuildPhase section */

/* Begin PBXShellScriptBuildPhase section */
		0005082C75B65360A294292D /* [CP] Check Pods Manifest.lock */ = {
			isa = PBXShellScriptBuildPhase;
			buildActionMask = 2147483647;
			files = (
			);
			inputFileListPaths = (
			);
			inputPaths = (
				"${PODS_PODFILE_DIR_PATH}/Podfile.lock",
				"${PODS_ROOT}/Manifest.lock",
			);
			name = "[CP] Check Pods Manifest.lock";
			outputFileListPaths = (
			);
			outputPaths = (
				"$(DERIVED_FILE_DIR)/Pods-CleanArchitectureMVVM-CleanArchitectureMVVMUITests-checkManifestLockResult.txt",
			);
			runOnlyForDeploymentPostprocessing = 0;
			shellPath = /bin/sh;
			shellScript = "diff \"${PODS_PODFILE_DIR_PATH}/Podfile.lock\" \"${PODS_ROOT}/Manifest.lock\" > /dev/null\nif [ $? != 0 ] ; then\n    # print error to STDERR\n    echo \"error: The sandbox is not in sync with the Podfile.lock. Run 'pod install' or update your CocoaPods installation.\" >&2\n    exit 1\nfi\n# This output is used by Xcode 'outputs' to avoid re-running this script phase.\necho \"SUCCESS\" > \"${SCRIPT_OUTPUT_FILE_0}\"\n";
			showEnvVarsInLog = 0;
		};
		10C9A8815D0BB6CB3630BD58 /* [CP] Check Pods Manifest.lock */ = {
			isa = PBXShellScriptBuildPhase;
			buildActionMask = 2147483647;
			files = (
			);
			inputFileListPaths = (
			);
			inputPaths = (
				"${PODS_PODFILE_DIR_PATH}/Podfile.lock",
				"${PODS_ROOT}/Manifest.lock",
			);
			name = "[CP] Check Pods Manifest.lock";
			outputFileListPaths = (
			);
			outputPaths = (
				"$(DERIVED_FILE_DIR)/Pods-CleanArchitectureMVVMTests-checkManifestLockResult.txt",
			);
			runOnlyForDeploymentPostprocessing = 0;
			shellPath = /bin/sh;
			shellScript = "diff \"${PODS_PODFILE_DIR_PATH}/Podfile.lock\" \"${PODS_ROOT}/Manifest.lock\" > /dev/null\nif [ $? != 0 ] ; then\n    # print error to STDERR\n    echo \"error: The sandbox is not in sync with the Podfile.lock. Run 'pod install' or update your CocoaPods installation.\" >&2\n    exit 1\nfi\n# This output is used by Xcode 'outputs' to avoid re-running this script phase.\necho \"SUCCESS\" > \"${SCRIPT_OUTPUT_FILE_0}\"\n";
			showEnvVarsInLog = 0;
		};
		123579FC58B5F7170543AD9C /* [CP] Embed Pods Frameworks */ = {
			isa = PBXShellScriptBuildPhase;
			buildActionMask = 2147483647;
			files = (
			);
			inputFileListPaths = (
				"${PODS_ROOT}/Target Support Files/Pods-CleanArchitectureMVVM-CleanArchitectureMVVMUITests/Pods-CleanArchitectureMVVM-CleanArchitectureMVVMUITests-frameworks-${CONFIGURATION}-input-files.xcfilelist",
			);
			name = "[CP] Embed Pods Frameworks";
			outputFileListPaths = (
				"${PODS_ROOT}/Target Support Files/Pods-CleanArchitectureMVVM-CleanArchitectureMVVMUITests/Pods-CleanArchitectureMVVM-CleanArchitectureMVVMUITests-frameworks-${CONFIGURATION}-output-files.xcfilelist",
			);
			runOnlyForDeploymentPostprocessing = 0;
			shellPath = /bin/sh;
			shellScript = "\"${PODS_ROOT}/Target Support Files/Pods-CleanArchitectureMVVM-CleanArchitectureMVVMUITests/Pods-CleanArchitectureMVVM-CleanArchitectureMVVMUITests-frameworks.sh\"\n";
			showEnvVarsInLog = 0;
		};
		22DF11031CCFA61243FF3EAD /* [CP] Check Pods Manifest.lock */ = {
			isa = PBXShellScriptBuildPhase;
			buildActionMask = 2147483647;
			files = (
			);
			inputFileListPaths = (
			);
			inputPaths = (
				"${PODS_PODFILE_DIR_PATH}/Podfile.lock",
				"${PODS_ROOT}/Manifest.lock",
			);
			name = "[CP] Check Pods Manifest.lock";
			outputFileListPaths = (
			);
			outputPaths = (
				"$(DERIVED_FILE_DIR)/Pods-CleanArchitectureMVVM-checkManifestLockResult.txt",
			);
			runOnlyForDeploymentPostprocessing = 0;
			shellPath = /bin/sh;
			shellScript = "diff \"${PODS_PODFILE_DIR_PATH}/Podfile.lock\" \"${PODS_ROOT}/Manifest.lock\" > /dev/null\nif [ $? != 0 ] ; then\n    # print error to STDERR\n    echo \"error: The sandbox is not in sync with the Podfile.lock. Run 'pod install' or update your CocoaPods installation.\" >&2\n    exit 1\nfi\n# This output is used by Xcode 'outputs' to avoid re-running this script phase.\necho \"SUCCESS\" > \"${SCRIPT_OUTPUT_FILE_0}\"\n";
			showEnvVarsInLog = 0;
		};
		63A10AE0B4E8AB1CA16B24EB /* [CP] Embed Pods Frameworks */ = {
			isa = PBXShellScriptBuildPhase;
			buildActionMask = 2147483647;
			files = (
			);
			inputFileListPaths = (
				"${PODS_ROOT}/Target Support Files/Pods-CleanArchitectureMVVM/Pods-CleanArchitectureMVVM-frameworks-${CONFIGURATION}-input-files.xcfilelist",
			);
			name = "[CP] Embed Pods Frameworks";
			outputFileListPaths = (
				"${PODS_ROOT}/Target Support Files/Pods-CleanArchitectureMVVM/Pods-CleanArchitectureMVVM-frameworks-${CONFIGURATION}-output-files.xcfilelist",
			);
			runOnlyForDeploymentPostprocessing = 0;
			shellPath = /bin/sh;
			shellScript = "\"${PODS_ROOT}/Target Support Files/Pods-CleanArchitectureMVVM/Pods-CleanArchitectureMVVM-frameworks.sh\"\n";
			showEnvVarsInLog = 0;
		};
/* End PBXShellScriptBuildPhase section */

/* Begin PBXSourcesBuildPhase section */
		BFC225152D67EB290074B3BB /* Sources */ = {
			isa = PBXSourcesBuildPhase;
			buildActionMask = 2147483647;
			files = (
				BFC225A32D6CA5980074B3BB /* APIKey.swift in Sources */,
			);
			runOnlyForDeploymentPostprocessing = 0;
		};
		BFC225262D67EB2B0074B3BB /* Sources */ = {
			isa = PBXSourcesBuildPhase;
			buildActionMask = 2147483647;
			files = (
			);
			runOnlyForDeploymentPostprocessing = 0;
		};
		BFC225302D67EB2B0074B3BB /* Sources */ = {
			isa = PBXSourcesBuildPhase;
			buildActionMask = 2147483647;
			files = (
			);
			runOnlyForDeploymentPostprocessing = 0;
		};
/* End PBXSourcesBuildPhase section */

/* Begin PBXTargetDependency section */
		BFC2252C2D67EB2B0074B3BB /* PBXTargetDependency */ = {
			isa = PBXTargetDependency;
			target = BFC225182D67EB290074B3BB /* CleanArchitectureMVVM */;
			targetProxy = BFC2252B2D67EB2B0074B3BB /* PBXContainerItemProxy */;
		};
		BFC225362D67EB2B0074B3BB /* PBXTargetDependency */ = {
			isa = PBXTargetDependency;
			target = BFC225182D67EB290074B3BB /* CleanArchitectureMVVM */;
			targetProxy = BFC225352D67EB2B0074B3BB /* PBXContainerItemProxy */;
		};
/* End PBXTargetDependency section */

/* Begin XCBuildConfiguration section */
		BFC2253C2D67EB2B0074B3BB /* Debug */ = {
			isa = XCBuildConfiguration;
			buildSettings = {
				ALWAYS_SEARCH_USER_PATHS = NO;
				ASSETCATALOG_COMPILER_GENERATE_SWIFT_ASSET_SYMBOL_EXTENSIONS = YES;
				CLANG_ANALYZER_NONNULL = YES;
				CLANG_ANALYZER_NUMBER_OBJECT_CONVERSION = YES_AGGRESSIVE;
				CLANG_CXX_LANGUAGE_STANDARD = "gnu++20";
				CLANG_ENABLE_MODULES = YES;
				CLANG_ENABLE_OBJC_ARC = YES;
				CLANG_ENABLE_OBJC_WEAK = YES;
				CLANG_WARN_BLOCK_CAPTURE_AUTORELEASING = YES;
				CLANG_WARN_BOOL_CONVERSION = YES;
				CLANG_WARN_COMMA = YES;
				CLANG_WARN_CONSTANT_CONVERSION = YES;
				CLANG_WARN_DEPRECATED_OBJC_IMPLEMENTATIONS = YES;
				CLANG_WARN_DIRECT_OBJC_ISA_USAGE = YES_ERROR;
				CLANG_WARN_DOCUMENTATION_COMMENTS = YES;
				CLANG_WARN_EMPTY_BODY = YES;
				CLANG_WARN_ENUM_CONVERSION = YES;
				CLANG_WARN_INFINITE_RECURSION = YES;
				CLANG_WARN_INT_CONVERSION = YES;
				CLANG_WARN_NON_LITERAL_NULL_CONVERSION = YES;
				CLANG_WARN_OBJC_IMPLICIT_RETAIN_SELF = YES;
				CLANG_WARN_OBJC_LITERAL_CONVERSION = YES;
				CLANG_WARN_OBJC_ROOT_CLASS = YES_ERROR;
				CLANG_WARN_QUOTED_INCLUDE_IN_FRAMEWORK_HEADER = YES;
				CLANG_WARN_RANGE_LOOP_ANALYSIS = YES;
				CLANG_WARN_STRICT_PROTOTYPES = YES;
				CLANG_WARN_SUSPICIOUS_MOVE = YES;
				CLANG_WARN_UNGUARDED_AVAILABILITY = YES_AGGRESSIVE;
				CLANG_WARN_UNREACHABLE_CODE = YES;
				CLANG_WARN__DUPLICATE_METHOD_MATCH = YES;
				COPY_PHASE_STRIP = NO;
				DEBUG_INFORMATION_FORMAT = dwarf;
				ENABLE_STRICT_OBJC_MSGSEND = YES;
				ENABLE_TESTABILITY = YES;
				ENABLE_USER_SCRIPT_SANDBOXING = YES;
				GCC_C_LANGUAGE_STANDARD = gnu17;
				GCC_DYNAMIC_NO_PIC = NO;
				GCC_NO_COMMON_BLOCKS = YES;
				GCC_OPTIMIZATION_LEVEL = 0;
				GCC_PREPROCESSOR_DEFINITIONS = (
					"DEBUG=1",
					"$(inherited)",
				);
				GCC_WARN_64_TO_32_BIT_CONVERSION = YES;
				GCC_WARN_ABOUT_RETURN_TYPE = YES_ERROR;
				GCC_WARN_UNDECLARED_SELECTOR = YES;
				GCC_WARN_UNINITIALIZED_AUTOS = YES_AGGRESSIVE;
				GCC_WARN_UNUSED_FUNCTION = YES;
				GCC_WARN_UNUSED_VARIABLE = YES;
				LOCALIZATION_PREFERS_STRING_CATALOGS = YES;
				MTL_ENABLE_DEBUG_INFO = INCLUDE_SOURCE;
				MTL_FAST_MATH = YES;
				ONLY_ACTIVE_ARCH = YES;
				SWIFT_ACTIVE_COMPILATION_CONDITIONS = "DEBUG $(inherited)";
				SWIFT_OPTIMIZATION_LEVEL = "-Onone";
			};
			name = Debug;
		};
		BFC2253D2D67EB2B0074B3BB /* Release */ = {
			isa = XCBuildConfiguration;
			buildSettings = {
				ALWAYS_SEARCH_USER_PATHS = NO;
				ASSETCATALOG_COMPILER_GENERATE_SWIFT_ASSET_SYMBOL_EXTENSIONS = YES;
				CLANG_ANALYZER_NONNULL = YES;
				CLANG_ANALYZER_NUMBER_OBJECT_CONVERSION = YES_AGGRESSIVE;
				CLANG_CXX_LANGUAGE_STANDARD = "gnu++20";
				CLANG_ENABLE_MODULES = YES;
				CLANG_ENABLE_OBJC_ARC = YES;
				CLANG_ENABLE_OBJC_WEAK = YES;
				CLANG_WARN_BLOCK_CAPTURE_AUTORELEASING = YES;
				CLANG_WARN_BOOL_CONVERSION = YES;
				CLANG_WARN_COMMA = YES;
				CLANG_WARN_CONSTANT_CONVERSION = YES;
				CLANG_WARN_DEPRECATED_OBJC_IMPLEMENTATIONS = YES;
				CLANG_WARN_DIRECT_OBJC_ISA_USAGE = YES_ERROR;
				CLANG_WARN_DOCUMENTATION_COMMENTS = YES;
				CLANG_WARN_EMPTY_BODY = YES;
				CLANG_WARN_ENUM_CONVERSION = YES;
				CLANG_WARN_INFINITE_RECURSION = YES;
				CLANG_WARN_INT_CONVERSION = YES;
				CLANG_WARN_NON_LITERAL_NULL_CONVERSION = YES;
				CLANG_WARN_OBJC_IMPLICIT_RETAIN_SELF = YES;
				CLANG_WARN_OBJC_LITERAL_CONVERSION = YES;
				CLANG_WARN_OBJC_ROOT_CLASS = YES_ERROR;
				CLANG_WARN_QUOTED_INCLUDE_IN_FRAMEWORK_HEADER = YES;
				CLANG_WARN_RANGE_LOOP_ANALYSIS = YES;
				CLANG_WARN_STRICT_PROTOTYPES = YES;
				CLANG_WARN_SUSPICIOUS_MOVE = YES;
				CLANG_WARN_UNGUARDED_AVAILABILITY = YES_AGGRESSIVE;
				CLANG_WARN_UNREACHABLE_CODE = YES;
				CLANG_WARN__DUPLICATE_METHOD_MATCH = YES;
				COPY_PHASE_STRIP = NO;
				DEBUG_INFORMATION_FORMAT = "dwarf-with-dsym";
				ENABLE_NS_ASSERTIONS = NO;
				ENABLE_STRICT_OBJC_MSGSEND = YES;
				ENABLE_USER_SCRIPT_SANDBOXING = YES;
				GCC_C_LANGUAGE_STANDARD = gnu17;
				GCC_NO_COMMON_BLOCKS = YES;
				GCC_WARN_64_TO_32_BIT_CONVERSION = YES;
				GCC_WARN_ABOUT_RETURN_TYPE = YES_ERROR;
				GCC_WARN_UNDECLARED_SELECTOR = YES;
				GCC_WARN_UNINITIALIZED_AUTOS = YES_AGGRESSIVE;
				GCC_WARN_UNUSED_FUNCTION = YES;
				GCC_WARN_UNUSED_VARIABLE = YES;
				LOCALIZATION_PREFERS_STRING_CATALOGS = YES;
				MTL_ENABLE_DEBUG_INFO = NO;
				MTL_FAST_MATH = YES;
				SWIFT_COMPILATION_MODE = wholemodule;
			};
			name = Release;
		};
		BFC2253F2D67EB2B0074B3BB /* Debug */ = {
			isa = XCBuildConfiguration;
			baseConfigurationReference = F8785055212B79E6245869E9 /* Pods-CleanArchitectureMVVM.debug.xcconfig */;
			buildSettings = {
				ASSETCATALOG_COMPILER_APPICON_NAME = AppIcon;
				ASSETCATALOG_COMPILER_GLOBAL_ACCENT_COLOR_NAME = AccentColor;
				CODE_SIGN_ENTITLEMENTS = CleanArchitectureMVVM/CleanArchitectureMVVM.entitlements;
				CODE_SIGN_STYLE = Automatic;
				CURRENT_PROJECT_VERSION = 1;
				DEVELOPMENT_ASSET_PATHS = "\"CleanArchitectureMVVM/Preview Content\"";
				DEVELOPMENT_TEAM = N727744RT8;
				ENABLE_HARDENED_RUNTIME = YES;
				ENABLE_PREVIEWS = YES;
				GENERATE_INFOPLIST_FILE = YES;
				"INFOPLIST_KEY_UIApplicationSceneManifest_Generation[sdk=iphoneos*]" = YES;
				"INFOPLIST_KEY_UIApplicationSceneManifest_Generation[sdk=iphonesimulator*]" = YES;
				"INFOPLIST_KEY_UIApplicationSupportsIndirectInputEvents[sdk=iphoneos*]" = YES;
				"INFOPLIST_KEY_UIApplicationSupportsIndirectInputEvents[sdk=iphonesimulator*]" = YES;
				"INFOPLIST_KEY_UILaunchScreen_Generation[sdk=iphoneos*]" = YES;
				"INFOPLIST_KEY_UILaunchScreen_Generation[sdk=iphonesimulator*]" = YES;
				"INFOPLIST_KEY_UIStatusBarStyle[sdk=iphoneos*]" = UIStatusBarStyleDefault;
				"INFOPLIST_KEY_UIStatusBarStyle[sdk=iphonesimulator*]" = UIStatusBarStyleDefault;
				INFOPLIST_KEY_UISupportedInterfaceOrientations_iPad = "UIInterfaceOrientationPortrait UIInterfaceOrientationPortraitUpsideDown UIInterfaceOrientationLandscapeLeft UIInterfaceOrientationLandscapeRight";
				INFOPLIST_KEY_UISupportedInterfaceOrientations_iPhone = "UIInterfaceOrientationPortrait UIInterfaceOrientationLandscapeLeft UIInterfaceOrientationLandscapeRight";
				IPHONEOS_DEPLOYMENT_TARGET = 18.2;
				LD_RUNPATH_SEARCH_PATHS = "@executable_path/Frameworks";
				"LD_RUNPATH_SEARCH_PATHS[sdk=macosx*]" = "@executable_path/../Frameworks";
				MACOSX_DEPLOYMENT_TARGET = 15.2;
				MARKETING_VERSION = 1.0;
				PRODUCT_BUNDLE_IDENTIFIER = com.jimmy.CleanArchitectureMVVM;
				PRODUCT_NAME = "$(TARGET_NAME)";
				SDKROOT = auto;
				SUPPORTED_PLATFORMS = "iphoneos iphonesimulator macosx xros xrsimulator";
				SWIFT_EMIT_LOC_STRINGS = YES;
				SWIFT_VERSION = 5.0;
				TARGETED_DEVICE_FAMILY = "1,2,7";
				XROS_DEPLOYMENT_TARGET = 2.2;
			};
			name = Debug;
		};
		BFC225402D67EB2B0074B3BB /* Release */ = {
			isa = XCBuildConfiguration;
			baseConfigurationReference = 98FE1EFA4A88C15F59FD0903 /* Pods-CleanArchitectureMVVM.release.xcconfig */;
			buildSettings = {
				ASSETCATALOG_COMPILER_APPICON_NAME = AppIcon;
				ASSETCATALOG_COMPILER_GLOBAL_ACCENT_COLOR_NAME = AccentColor;
				CODE_SIGN_ENTITLEMENTS = CleanArchitectureMVVM/CleanArchitectureMVVM.entitlements;
				CODE_SIGN_STYLE = Automatic;
				CURRENT_PROJECT_VERSION = 1;
				DEVELOPMENT_ASSET_PATHS = "\"CleanArchitectureMVVM/Preview Content\"";
				DEVELOPMENT_TEAM = N727744RT8;
				ENABLE_HARDENED_RUNTIME = YES;
				ENABLE_PREVIEWS = YES;
				GENERATE_INFOPLIST_FILE = YES;
				"INFOPLIST_KEY_UIApplicationSceneManifest_Generation[sdk=iphoneos*]" = YES;
				"INFOPLIST_KEY_UIApplicationSceneManifest_Generation[sdk=iphonesimulator*]" = YES;
				"INFOPLIST_KEY_UIApplicationSupportsIndirectInputEvents[sdk=iphoneos*]" = YES;
				"INFOPLIST_KEY_UIApplicationSupportsIndirectInputEvents[sdk=iphonesimulator*]" = YES;
				"INFOPLIST_KEY_UILaunchScreen_Generation[sdk=iphoneos*]" = YES;
				"INFOPLIST_KEY_UILaunchScreen_Generation[sdk=iphonesimulator*]" = YES;
				"INFOPLIST_KEY_UIStatusBarStyle[sdk=iphoneos*]" = UIStatusBarStyleDefault;
				"INFOPLIST_KEY_UIStatusBarStyle[sdk=iphonesimulator*]" = UIStatusBarStyleDefault;
				INFOPLIST_KEY_UISupportedInterfaceOrientations_iPad = "UIInterfaceOrientationPortrait UIInterfaceOrientationPortraitUpsideDown UIInterfaceOrientationLandscapeLeft UIInterfaceOrientationLandscapeRight";
				INFOPLIST_KEY_UISupportedInterfaceOrientations_iPhone = "UIInterfaceOrientationPortrait UIInterfaceOrientationLandscapeLeft UIInterfaceOrientationLandscapeRight";
				IPHONEOS_DEPLOYMENT_TARGET = 18.2;
				LD_RUNPATH_SEARCH_PATHS = "@executable_path/Frameworks";
				"LD_RUNPATH_SEARCH_PATHS[sdk=macosx*]" = "@executable_path/../Frameworks";
				MACOSX_DEPLOYMENT_TARGET = 15.2;
				MARKETING_VERSION = 1.0;
				PRODUCT_BUNDLE_IDENTIFIER = com.jimmy.CleanArchitectureMVVM;
				PRODUCT_NAME = "$(TARGET_NAME)";
				SDKROOT = auto;
				SUPPORTED_PLATFORMS = "iphoneos iphonesimulator macosx xros xrsimulator";
				SWIFT_EMIT_LOC_STRINGS = YES;
				SWIFT_VERSION = 5.0;
				TARGETED_DEVICE_FAMILY = "1,2,7";
				XROS_DEPLOYMENT_TARGET = 2.2;
			};
			name = Release;
		};
		BFC225422D67EB2B0074B3BB /* Debug */ = {
			isa = XCBuildConfiguration;
			baseConfigurationReference = 2FD9BACEDDB624F3B5881DD5 /* Pods-CleanArchitectureMVVMTests.debug.xcconfig */;
			buildSettings = {
				BUNDLE_LOADER = "$(TEST_HOST)";
				CODE_SIGN_STYLE = Automatic;
				CURRENT_PROJECT_VERSION = 1;
				DEVELOPMENT_TEAM = N727744RT8;
				GENERATE_INFOPLIST_FILE = YES;
				IPHONEOS_DEPLOYMENT_TARGET = 18.2;
				MACOSX_DEPLOYMENT_TARGET = 15.2;
				MARKETING_VERSION = 1.0;
				PRODUCT_BUNDLE_IDENTIFIER = com.jimmy.CleanArchitectureMVVMTests;
				PRODUCT_NAME = "$(TARGET_NAME)";
				SDKROOT = auto;
				SUPPORTED_PLATFORMS = "iphoneos iphonesimulator macosx xros xrsimulator";
				SWIFT_EMIT_LOC_STRINGS = NO;
				SWIFT_VERSION = 5.0;
				TARGETED_DEVICE_FAMILY = "1,2,7";
				TEST_HOST = "$(BUILT_PRODUCTS_DIR)/CleanArchitectureMVVM.app/$(BUNDLE_EXECUTABLE_FOLDER_PATH)/CleanArchitectureMVVM";
				XROS_DEPLOYMENT_TARGET = 2.2;
			};
			name = Debug;
		};
		BFC225432D67EB2B0074B3BB /* Release */ = {
			isa = XCBuildConfiguration;
			baseConfigurationReference = F82868DD1F66D9B92129CF21 /* Pods-CleanArchitectureMVVMTests.release.xcconfig */;
			buildSettings = {
				BUNDLE_LOADER = "$(TEST_HOST)";
				CODE_SIGN_STYLE = Automatic;
				CURRENT_PROJECT_VERSION = 1;
				DEVELOPMENT_TEAM = N727744RT8;
				GENERATE_INFOPLIST_FILE = YES;
				IPHONEOS_DEPLOYMENT_TARGET = 18.2;
				MACOSX_DEPLOYMENT_TARGET = 15.2;
				MARKETING_VERSION = 1.0;
				PRODUCT_BUNDLE_IDENTIFIER = com.jimmy.CleanArchitectureMVVMTests;
				PRODUCT_NAME = "$(TARGET_NAME)";
				SDKROOT = auto;
				SUPPORTED_PLATFORMS = "iphoneos iphonesimulator macosx xros xrsimulator";
				SWIFT_EMIT_LOC_STRINGS = NO;
				SWIFT_VERSION = 5.0;
				TARGETED_DEVICE_FAMILY = "1,2,7";
				TEST_HOST = "$(BUILT_PRODUCTS_DIR)/CleanArchitectureMVVM.app/$(BUNDLE_EXECUTABLE_FOLDER_PATH)/CleanArchitectureMVVM";
				XROS_DEPLOYMENT_TARGET = 2.2;
			};
			name = Release;
		};
		BFC225452D67EB2B0074B3BB /* Debug */ = {
			isa = XCBuildConfiguration;
			baseConfigurationReference = C0E6A284D3EDF291114045C9 /* Pods-CleanArchitectureMVVM-CleanArchitectureMVVMUITests.debug.xcconfig */;
			buildSettings = {
				CODE_SIGN_STYLE = Automatic;
				CURRENT_PROJECT_VERSION = 1;
				DEVELOPMENT_TEAM = N727744RT8;
				GENERATE_INFOPLIST_FILE = YES;
				IPHONEOS_DEPLOYMENT_TARGET = 18.2;
				MACOSX_DEPLOYMENT_TARGET = 15.2;
				MARKETING_VERSION = 1.0;
				PRODUCT_BUNDLE_IDENTIFIER = com.jimmy.CleanArchitectureMVVMUITests;
				PRODUCT_NAME = "$(TARGET_NAME)";
				SDKROOT = auto;
				SUPPORTED_PLATFORMS = "iphoneos iphonesimulator macosx xros xrsimulator";
				SWIFT_EMIT_LOC_STRINGS = NO;
				SWIFT_VERSION = 5.0;
				TARGETED_DEVICE_FAMILY = "1,2,7";
				TEST_TARGET_NAME = CleanArchitectureMVVM;
				XROS_DEPLOYMENT_TARGET = 2.2;
			};
			name = Debug;
		};
		BFC225462D67EB2B0074B3BB /* Release */ = {
			isa = XCBuildConfiguration;
			baseConfigurationReference = 800B6225F62348AFE929A472 /* Pods-CleanArchitectureMVVM-CleanArchitectureMVVMUITests.release.xcconfig */;
			buildSettings = {
				CODE_SIGN_STYLE = Automatic;
				CURRENT_PROJECT_VERSION = 1;
				DEVELOPMENT_TEAM = N727744RT8;
				GENERATE_INFOPLIST_FILE = YES;
				IPHONEOS_DEPLOYMENT_TARGET = 18.2;
				MACOSX_DEPLOYMENT_TARGET = 15.2;
				MARKETING_VERSION = 1.0;
				PRODUCT_BUNDLE_IDENTIFIER = com.jimmy.CleanArchitectureMVVMUITests;
				PRODUCT_NAME = "$(TARGET_NAME)";
				SDKROOT = auto;
				SUPPORTED_PLATFORMS = "iphoneos iphonesimulator macosx xros xrsimulator";
				SWIFT_EMIT_LOC_STRINGS = NO;
				SWIFT_VERSION = 5.0;
				TARGETED_DEVICE_FAMILY = "1,2,7";
				TEST_TARGET_NAME = CleanArchitectureMVVM;
				XROS_DEPLOYMENT_TARGET = 2.2;
			};
			name = Release;
		};
/* End XCBuildConfiguration section */

/* Begin XCConfigurationList section */
		BFC225142D67EB290074B3BB /* Build configuration list for PBXProject "CleanArchitectureMVVM" */ = {
			isa = XCConfigurationList;
			buildConfigurations = (
				BFC2253C2D67EB2B0074B3BB /* Debug */,
				BFC2253D2D67EB2B0074B3BB /* Release */,
			);
			defaultConfigurationIsVisible = 0;
			defaultConfigurationName = Release;
		};
		BFC2253E2D67EB2B0074B3BB /* Build configuration list for PBXNativeTarget "CleanArchitectureMVVM" */ = {
			isa = XCConfigurationList;
			buildConfigurations = (
				BFC2253F2D67EB2B0074B3BB /* Debug */,
				BFC225402D67EB2B0074B3BB /* Release */,
			);
			defaultConfigurationIsVisible = 0;
			defaultConfigurationName = Release;
		};
		BFC225412D67EB2B0074B3BB /* Build configuration list for PBXNativeTarget "CleanArchitectureMVVMTests" */ = {
			isa = XCConfigurationList;
			buildConfigurations = (
				BFC225422D67EB2B0074B3BB /* Debug */,
				BFC225432D67EB2B0074B3BB /* Release */,
			);
			defaultConfigurationIsVisible = 0;
			defaultConfigurationName = Release;
		};
		BFC225442D67EB2B0074B3BB /* Build configuration list for PBXNativeTarget "CleanArchitectureMVVMUITests" */ = {
			isa = XCConfigurationList;
			buildConfigurations = (
				BFC225452D67EB2B0074B3BB /* Debug */,
				BFC225462D67EB2B0074B3BB /* Release */,
			);
			defaultConfigurationIsVisible = 0;
			defaultConfigurationName = Release;
		};
/* End XCConfigurationList section */
	};
	rootObject = BFC225112D67EB290074B3BB /* Project object */;
}
